{
  "lockfileVersion": 1,
  "configVersion": 0,
  "workspaces": {
    "": {
      "name": "biome-docker",
      "dependencies": {
        "@biomejs/biome": "2.5.14",
        "@biomejs/version-utils": "0.4.0",
        "semver": "7.7.4",
      },
      "devDependencies": {
        "@types/bun": "latest",
        "@types/semver": "7.7.1",
      },
      "peerDependencies": {
        "typescript": "5.9.3",
      },
    },
  },
  "packages": {
    "@biomejs/biome": ["@biomejs/biome@2.5.14", "", { "optionalDependencies": { "@biomejs/cli-darwin-arm64": "2.5.14", "@biomejs/cli-darwin-x64": "2.5.14", "@biomejs/cli-linux-arm64": "2.5.14", "@biomejs/cli-linux-arm64-musl": "2.5.14", "@biomejs/cli-linux-x64": "2.5.14", "@biomejs/cli-linux-x64-musl": "2.5.14", "@biomejs/cli-win32-arm64": "2.5.14", "@biomejs/cli-win32-x64": "2.5.14" }, "bin": { "biome": "bin/biome" } }, "sha512-0FabLIjd4M/dm8VFI86RMaLLdgepzbdfiAL2R8cr7V81OYYrP1w7Z73KfAwPK5h9SrEBXTzNG2y+mBwPo9xRnw=="],

    "@biomejs/cli-darwin-arm64": ["@biomejs/cli-darwin-arm64@2.5.14", "", { "os": "darwin", "cpu": "arm64" }, "sha512-UnzaXO65L4tsZimFITFP2M121GyhDcWFrT3pL5ZJ5U4XcS/0L5VHYytVohdCf/gnDUFHgl2I9xnt5bV/J1kxHQ=="],

    "@biomejs/cli-darwin-x64": ["@biomejs/cli-darwin-x64@2.5.14", "", { "os": "darwin", "cpu": "x64" }, "sha512-kiy8qA16K93J7uvFfWi4LgjqDpnRKyePAna6A0Y4jxyUga35SYpIZ2cNWlhy0lsfgqRenCpfymnJWEZ6mgpRgA=="],

    "@biomejs/cli-linux-arm64": ["@biomejs/cli-linux-arm64@2.5.14", "", { "os": "linux", "cpu": "arm64" }, "sha512-vO/9BaU1n30CiFNLx49gMTMtbCAAqlo/EqFoG0BU3deQInTbJrmXSmTQ9e3FoDZIKQnvSLDVNL4lx1ci7y1T1Q=="],

    "@biomejs/cli-linux-arm64-musl": ["@biomejs/cli-linux-arm64-musl@2.5.14", "", { "os": "linux", "cpu": "arm64" }, "sha512-SJ9PrZkBnnH9dHJDnxk34vKs0GB2dbsioaft6/hPhWJ7AHpwYH83Isnhj0FSRpFkGgpVfJ1lds23ApB2czUDLQ=="],

    "@biomejs/cli-linux-x64": ["@biomejs/cli-linux-x64@2.5.14", "", { "os": "linux", "cpu": "x64" }, "sha512-VHZRa7CCQBUWKxNwUvHJeuW03WFRgN5NWO//SDGOitc9QIeNyfA42V9zlKm+x82xFSG9Bzi5fi+hbhm9anO8yA=="],

    "@biomejs/cli-linux-x64-musl": ["@biomejs/cli-linux-x64-musl@2.5.14", "", { "os": "linux", "cpu": "x64" }, "sha512-2kI5PrMgW5dcEZYrstLPmUmCwkUwZY39rP4BN93Vxbwcs2O57LDQOktUZZYPvvspN5i0mhGr3TJtF5sU26NUWg=="],

    "@biomejs/cli-win32-arm64": ["@biomejs/cli-win32-arm64@2.5.14", "", { "os": "win32", "cpu": "arm64" }, "sha512-pHgAFffmZtaYoxavEsWEYNvcA7NwOIjLyqw2HXyLbt16xYryX0L4fMV2u0G9ag6LNYPIoqWaWqzUcnc6rLGGXg=="],

    "@biomejs/cli-win32-x64": ["@biomejs/cli-win32-x64@2.5.14", "", { "os": "win32", "cpu": "x64" }, "sha512-oJWmBhoHsnhUKIke+0gXDX0mltJrWHA1UyHsrTlXwX0TL64ilVZAo+TYZm97baecV0esBdpzy3k96q+09JaZUQ=="],

    "@biomejs/version-utils": ["@biomejs/version-utils@0.4.0", "", { "dependencies": { "semver": "^7.6.0", "undici": "^6.10.2", "yaml": "^2.4.1" } }, "sha512-jboDhjZY8/bAPl2kgvjrbbyXyM6uimPsasY3TvFhSpPaNorij0UZROi/NjDQqQeZFSaIK3ieiRZXWwoBZh6rQQ=="],

    "@types/bun": ["@types/bun@1.1.10", "", { "dependencies": { "bun-types": "1.1.29" } }, "sha512-76KYVSwrHwr9zsnk6oLXOGs9KvyBg3U066GLO4rk6JZk1ypEPGCUDZ5yOiESyIHWs9cx9iC8r01utYN32XdmgA=="],

    "@types/node": ["@types/node@20.12.14", "", { "dependencies": { "undici-types": "~5.26.4" } }, "sha512-scnD59RpYD91xngrQQLGkE+6UrHUPzeKZWhhjBSa3HSkwjbQc38+q3RoIVEwxQGRw3M+j5hpNAM+lgV3cVormg=="],

    "@types/semver": ["@types/semver@7.7.1", "", {}, "sha512-FmgJfu+MOcQ370SD0ev7EI8TlCAfKYU+B4m5T3yXc1CiRN94g/SZPtsCkk506aUDtlMnFZvasDwHHUcZUEaYuA=="],

    "@types/ws": ["@types/ws@8.5.12", "", { "dependencies": { "@types/node": "*" } }, "sha512-3tPRkv1EtkDpzlgyKyI8pGsGZAGPEaXeu0DOj5DI25Ja91bdAYddYHbADRYVrZMRbfW+1l5YwXVDKohDJNQxkQ=="],

    "bun-types": ["bun-types@1.1.29", "", { "dependencies": { "@types/node": "~20.12.8", "@types/ws": "~8.5.10" } }, "sha512-En3/TzSPMPyl5UlUB1MHzHpcrZDakTm7mS203eLoX1fBoEa3PW+aSS8GAqVJ7Is/m34Z5ogL+ECniLY0uDaCPw=="],

    "semver": ["semver@7.7.4", "", { "bin": { "semver": "bin/semver.js" } }, "sha512-vFKC2IEtQnVhpT78h1Yp8wzwrf8CM+MzKMHGJZfBtzhZNycRFnXsHk6E5TxIkkMsgNS7mdX3AGB7x2QM2di4lA=="],

    "typescript": ["typescript@5.6.2", "", { "bin": { "tsc": "bin/tsc", "tsserver": "bin/tsserver" } }, "sha512-NW8ByodCSNCwZeghjN3o+JX5OFH0Ojg6sadjEKY4huZ52TqbJTJnDo5+Tw98lSy63NZvi4n+ez5m2u5d4PkZyw=="],

    "undici": ["undici@6.19.8", "", {}, "sha512-U8uCCl2x9TK3WANvmBavymRzxbfFYG+tAu+fgx3zxQy3qdagQqBLwJVrdyO1TBfUXvfKveMKJZhpvUYoOjM+4g=="],

    "undici-types": ["undici-types@5.26.5", "", {}, "sha512-JlCMO+ehdEIKqlFxk6IfVoAUVmgz7cU7zD/h9XZ0qzeosSHmUJVOzSQvvYSYWXkFXC+IfLKSIffhv0sVZup6pA=="],

    "yaml": ["yaml@2.5.1", "", { "bin": { "yaml": "bin.mjs" } }, "sha512-bLQOjaX/ADgQ20isPJRvF0iRUHIxVhYvr53Of7wGcWlO2jvtUlH5m87DsmulFVxRpNLOnI4tB6p/oh8D7kpn9Q=="],

    "@biomejs/version-utils/semver": ["semver@7.6.3", "", { "bin": { "semver": "bin/semver.js" } }, "sha512-oVekP1cKtI+CTDvHWYFUcMtsK/00wmAEfyqKfNdARm8u1wNVhSgaX7A8d4UuIlUI5e84iEwOhs7ZPYRmzU9U6A=="],
  }
}
